
Microsoft Visual Studio Solution File, Format Version 12.00
# Visual Studio 2012
Project("{FAE04EC0-301F-11D3-BF4B-00C04F79EFBC}") = "PrevinirSpam", "PrevinirSpam\PrevinirSpam.csproj", "{F801816D-F69D-4B1A-A0D6-3FA762B946D8}"
EndProject
Global
	GlobalSection(SolutionConfigurationPlatforms) = preSolution
		Debug|Any CPU = Debug|Any CPU
		Release|Any CPU = Release|Any CPU
	EndGlobalSection
	GlobalSection(ProjectConfigurationPlatforms) = postSolution
		{F801816D-F69D-4B1A-A0D6-3FA762B946D8}.Debug|Any CPU.ActiveCfg = Debug|Any CPU
		{F801816D-F69D-4B1A-A0D6-3FA762B946D8}.Debug|Any CPU.Build.0 = Debug|Any CPU
		{F801816D-F69D-4B1A-A0D6-3FA762B946D8}.Release|Any CPU.ActiveCfg = Release|Any CPU
		{F801816D-F69D-4B1A-A0D6-3FA762B946D8}.Release|Any CPU.Build.0 = Release|Any CPU
	EndGlobalSection
	GlobalSection(SolutionProperties) = preSolution
		HideSolutionNode = FALSE
	EndGlobalSection
EndGlobal
